{
  "name": "@dentvision/backend",
  "version": "2.0.0",
  "lockfileVersion": 3,
  "requires": true,
  "packages": {
    "": {
      "name": "@dentvision/backend",
      "version": "2.0.0",
      "hasInstallScript": true,
      "dependencies": {
        "@aws-sdk/client-s3": "^3.1111.0",
        "@aws-sdk/s3-request-presigner": "^3.1111.0",
        "@neondatabase/serverless": "^1.1.0",
        "@prisma/client": "^6.19.0",
        "@sentry/node": "^10.69.0",
        "@types/nodemailer": "^8.0.1",
        "bcryptjs": "^2.4.3",
        "cookie-parser": "^1.4.7",
        "cors": "^2.8.5",
        "date-fns": "^4.4.0",
        "express": "4.22.3",
        "express-rate-limit": "^7.5.0",
        "google-auth-library": "^11.0.0",
        "helmet": "^8.0.0",
        "jsonwebtoken": "^9.0.2",
        "multer": "^1.4.5-lts.1",
        "nodemailer": "10.0.16",
        "prisma": "^6.19.0",
        "tsx": "^4.19.3",
        "uuid": "^11.0.0",
        "zod": "^3.24.2"
      },
      "devDependencies": {
        "@types/bcryptjs": "^2.4.6",
        "@types/cookie-parser": "^1.4.10",
        "@types/express": "^5.0.0",
        "@types/multer": "^1.4.12",
        "@types/uuid": "^10.0.0",
        "typescript": "^5.7.3"
      }
    },
    "node_modules/@apm-js-collab/code-transformer": {
      "version": "0.18.1",
      "resolved": "https://registry.npmjs.org/@apm-js-collab/code-transformer/-/code-transformer-0.18.1.tgz",
      "integrity": "sha512-u1Hb6bHjWtkSpiprwVP6YaHC1DTN4RAU3zYkUDUe7WMnJ¶»§q«^